// !$*UTF8*$!
{
	archiveVersion = 1;
	classes = {
	};
	objectVersion = 77;
	objects = {

/* Begin PBXBuildFile section */
		217074364E5B7A8F26799235 /* WidgetKit.framework in Frameworks */ = {isa = PBXBuildFile; fileRef = BA2258DC3FD83B9BA649C1D7 /* WidgetKit.framework */; };
		944AB57390090127A4CAF17E /* FormaWidgets.appex in Embed App Extensions */ = {isa = PBXBuildFile; fileRef = C1DA33907F824AA520B8E3E6 /* FormaWidgets.appex */; settings = {ATTRIBUTES = (RemoveHeadersOnCopy, ); }; };
		FA112B4AA34979A6793FF969 /* WidgetKit.framework in Frameworks */ = {isa = PBXBuildFile; fileRef = BA2258DC3FD83B9BA649C1D7 /* WidgetKit.framework */; };
		FC69D715931379676998B8A7 /* Cocoa.framework in Frameworks */ = {isa = PBXBuildFile; fileRef = EAFAFB09EE3A870B45A5981A /* Cocoa.framework */; };
/* End PBXBuildFile section */

/* Begin PBXContainerItemProxy section */
		272604538D17D46C28F58E71 /* PBXContainerItemProxy */ = {
			isa = PBXContainerItemProxy;
			containerPortal = 9BA6DAF42F8F3C8E009AA3BC /* Project object */;
			proxyType = 1;
			remoteGlobalIDString = F154B69396161217305A3106;
			remoteInfo = FormaWidgets;
		};
		9BA6DB0C2F8F3C90009AA3BC /* PBXContainerItemProxy */ = {
			isa = PBXContainerItemProxy;
			containerPortal = 9BA6DAF42F8F3C8E009AA3BC /* Project object */;
			proxyType = 1;
			remoteGlobalIDString = 9BA6DAFB2F8F3C8E009AA3BC;
			remoteInfo = Forma;
		};
		9BA6DB162F8F3C90009AA3BC /* PBXContainerItemProxy */ = {
			isa = PBXContainerItemProxy;
			containerPortal = 9BA6DAF42F8F3C8E009AA3BC /* Project object */;
			proxyType = 1;
			remoteGlobalIDString = 9BA6DAFB2F8F3C8E009AA3BC;
			remoteInfo = Forma;
		};
/* End PBXContainerItemProxy section */

/* Begin PBXCopyFilesBuildPhase section */
		536FF4A05F95E366523FC57D /* Embed App Extensions */ = {
			isa = PBXCopyFilesBuildPhase;
			buildActionMask = 2147483647;
			dstPath = "";
			dstSubfolderSpec = 13;
			files = (
				944AB57390090127A4CAF17E /* FormaWidgets.appex in Embed App Extensions */,
			);
			name = "Embed App Extensions";
			runOnlyForDeploymentPostprocessing = 0;
		};
/* End PBXCopyFilesBuildPhase section */

/* Begin PBXFileReference section */
		9BA6DAFC2F8F3C8E009AA3BC /* Forma.app */ = {isa = PBXFileReference; explicitFileType = wrapper.application; includeInIndex = 0; path = Forma.app; sourceTree = BUILT_PRODUCTS_DIR; };
		9BA6DB0B2F8F3C90009AA3BC /* FormaTests.xctest */ = {isa = PBXFileReference; explicitFileType = wrapper.cfbundle; includeInIndex = 0; path = FormaTests.xctest; sourceTree = BUILT_PRODUCTS_DIR; };
		9BA6DB152F8F3C90009AA3BC /* FormaUITests.xctest */ = {isa = PBXFileReference; explicitFileType = wrapper.cfbundle; includeInIndex = 0; path = FormaUITests.xctest; sourceTree = BUILT_PRODUCTS_DIR; };
		BA2258DC3FD83B9BA649C1D7 /* WidgetKit.framework */ = {isa = PBXFileReference; lastKnownFileType = wrapper.framework; name = WidgetKit.framework; path = System/Library/Frameworks/WidgetKit.framework; sourceTree = SDKROOT; };
		C1DA33907F824AA520B8E3E6 /* FormaWidgets.appex */ = {isa = PBXFileReference; explicitFileType = "wrapper.app-extension"; includeInIndex = 0; path = FormaWidgets.appex; sourceTree = BUILT_PRODUCTS_DIR; };
		EAFAFB09EE3A870B45A5981A /* Cocoa.framework */ = {isa = PBXFileReference; lastKnownFileType = wrapper.framework; name = Cocoa.framework; path = Platforms/MacOSX.platform/Developer/SDKs/MacOSX15.0.sdk/System/Library/Frameworks/Cocoa.framework; sourceTree = DEVELOPER_DIR; };
/* End PBXFileReference section */

/* Begin PBXFileSystemSynchronizedBuildFileExceptionSet section */
		13A215B0F827262B522440C4 /* Exceptions for "FormaWidgets" folder in "FormaWidgets" target */ = {
			isa = PBXFileSystemSynchronizedBuildFileExceptionSet;
			membershipExceptions = (
				Info.plist,
			);
			target = F154B69396161217305A3106 /* FormaWidgets */;
		};
/* End PBXFileSystemSynchronizedBuildFileExceptionSet section */

/* Begin PBXFileSystemSynchronizedRootGroup section */
		1EE480870898A6B223A22E79 /* FormaWidgets */ = {
			isa = PBXFileSystemSynchronizedRootGroup;
			exceptions = (
				13A215B0F827262B522440C4 /* Exceptions for "FormaWidgets" folder in "FormaWidgets" target */,
			);
			path = FormaWidgets;
			sourceTree = "<group>";
		};
		721684DBC3B6D1921098EDDD /* FormaShared */ = {
			isa = PBXFileSystemSynchronizedRootGroup;
			path = FormaShared;
			sourceTree = "<group>";
		};
		9BA6DAFE2F8F3C8E009AA3BC /* Forma */ = {
			isa = PBXFileSystemSynchronizedRootGroup;
			path = Forma;
			sourceTree = "<group>";
		};
		9BA6DB0E2F8F3C90009AA3BC /* FormaTests */ = {
			isa = PBXFileSystemSynchronizedRootGroup;
			path = FormaTests;
			sourceTree = "<group>";
		};
		9BA6DB182F8F3C90009AA3BC /* FormaUITests */ = {
			isa = PBXFileSystemSynchronizedRootGroup;
			path = FormaUITests;
			sourceTree = "<group>";
		};
/* End PBXFileSystemSynchronizedRootGroup section */

/* Begin PBXFrameworksBuildPhase section */
		9BA6DAF92F8F3C8E009AA3BC /* Frameworks */ = {
			isa = PBXFrameworksBuildPhase;
			buildActionMask = 2147483647;
			files = (
				217074364E5B7A8F26799235 /* WidgetKit.framework in Frameworks */,
			);
			runOnlyForDeploymentPostprocessing = 0;
		};
		9BA6DB082F8F3C90009AA3BC /* Frameworks */ = {
			isa = PBXFrameworksBuildPhase;
			buildActionMask = 2147483647;
			files = (
			);
			runOnlyForDeploymentPostprocessing = 0;
		};
		9BA6DB122F8F3C90009AA3BC /* Frameworks */ = {
			isa = PBXFrameworksBuildPhase;
			buildActionMask = 2147483647;
			files = (
			);
			runOnlyForDeploymentPostprocessing = 0;
		};
		C1A6C0994AFCEECD30349E4C /* Frameworks */ = {
			isa = PBXFrameworksBuildPhase;
			buildActionMask = 2147483647;
			files = (
				FC69D715931379676998B8A7 /* Cocoa.framework in Frameworks */,
				FA112B4AA34979A6793FF969 /* WidgetKit.framework in Frameworks */,
			);
			runOnlyForDeploymentPostprocessing = 0;
		};
/* End PBXFrameworksBuildPhase section */

/* Begin PBXGroup section */
		8331E60E918128335B6FB36B /* OS X */ = {
			isa = PBXGroup;
			children = (
				EAFAFB09EE3A870B45A5981A /* Cocoa.framework */,
			);
			name = "OS X";
			sourceTree = "<group>";
		};
		9B8AC25D2F907E3A00CFB6AD /* Frameworks */ = {
			isa = PBXGroup;
			children = (
				8331E60E918128335B6FB36B /* OS X */,
				BA2258DC3FD83B9BA649C1D7 /* WidgetKit.framework */,
			);
			name = Frameworks;
			sourceTree = "<group>";
		};
		9BA6DAF32F8F3C8E009AA3BC = {
			isa = PBXGroup;
			children = (
				9BA6DAFE2F8F3C8E009AA3BC /* Forma */,
				9BA6DB0E2F8F3C90009AA3BC /* FormaTests */,
				9BA6DB182F8F3C90009AA3BC /* FormaUITests */,
				9B8AC25D2F907E3A00CFB6AD /* Frameworks */,
				9BA6DAFD2F8F3C8E009AA3BC /* Products */,
				721684DBC3B6D1921098EDDD /* FormaShared */,
				1EE480870898A6B223A22E79 /* FormaWidgets */,
			);
			sourceTree = "<group>";
		};
		9BA6DAFD2F8F3C8E009AA3BC /* Products */ = {
			isa = PBXGroup;
			children = (
				9BA6DAFC2F8F3C8E009AA3BC /* Forma.app */,
				9BA6DB0B2F8F3C90009AA3BC /* FormaTests.xctest */,
				9BA6DB152F8F3C90009AA3BC /* FormaUITests.xctest */,
				C1DA33907F824AA520B8E3E6 /* FormaWidgets.appex */,
			);
			name = Products;
			sourceTree = "<group>";
		};
/* End PBXGroup section */

/* Begin PBXNativeTarget section */
		9BA6DAFB2F8F3C8E009AA3BC /* Forma */ = {
			isa = PBXNativeTarget;
			buildConfigurationList = 9BA6DB1F2F8F3C90009AA3BC /* Build configuration list for PBXNativeTarget "Forma" */;
			buildPhases = (
				9BA6DAF82F8F3C8E009AA3BC /* Sources */,
				9BA6DAF92F8F3C8E009AA3BC /* Frameworks */,
				9BA6DAFA2F8F3C8E009AA3BC /* Resources */,
				536FF4A05F95E366523FC57D /* Embed App Extensions */,
			);
			buildRules = (
			);
			dependencies = (
				597966E2F1E90C04BB45797F /* PBXTargetDependency */,
			);
			fileSystemSynchronizedGroups = (
				721684DBC3B6D1921098EDDD /* FormaShared */,
				9BA6DAFE2F8F3C8E009AA3BC /* Forma */,
			);
			name = Forma;
			productName = Forma;
			productReference = 9BA6DAFC2F8F3C8E009AA3BC /* Forma.app */;
			productType = "com.apple.product-type.application";
		};
		9BA6DB0A2F8F3C90009AA3BC /* FormaTests */ = {
			isa = PBXNativeTarget;
			buildConfigurationList = 9BA6DB222F8F3C90009AA3BC /* Build configuration list for PBXNativeTarget "FormaTests" */;
			buildPhases = (
				9BA6DB072F8F3C90009AA3BC /* Sources */,
				9BA6DB082F8F3C90009AA3BC /* Frameworks */,
				9BA6DB092F8F3C90009AA3BC /* Resources */,
			);
			buildRules = (
			);
			dependencies = (
				9BA6DB0D2F8F3C90009AA3BC /* PBXTargetDependency */,
			);
			fileSystemSynchronizedGroups = (
				9BA6DB0E2F8F3C90009AA3BC /* FormaTests */,
			);
			name = FormaTests;
			productName = FormaTests;
			productReference = 9BA6DB0B2F8F3C90009AA3BC /* FormaTests.xctest */;
			productType = "com.apple.product-type.bundle.unit-test";
		};
		9BA6DB142F8F3C90009AA3BC /* FormaUITests */ = {
			isa = PBXNativeTarget;
			buildConfigurationList = 9BA6DB252F8F3C90009AA3BC /* Build configuration list for PBXNativeTarget "FormaUITests" */;
			buildPhases = (
				9BA6DB112F8F3C90009AA3BC /* Sources */,
				9BA6DB122F8F3C90009AA3BC /* Frameworks */,
				9BA6DB132F8F3C90009AA3BC /* Resources */,
			);
			buildRules = (
			);
			dependencies = (
				9BA6DB172F8F3C90009AA3BC /* PBXTargetDependency */,
			);
			fileSystemSynchronizedGroups = (
				9BA6DB182F8F3C90009AA3BC /* FormaUITests */,
			);
			name = FormaUITests;
			productName = FormaUITests;
			productReference = 9BA6DB152F8F3C90009AA3BC /* FormaUITests.xctest */;
			productType = "com.apple.product-type.bundle.ui-testing";
		};
		F154B69396161217305A3106 /* FormaWidgets */ = {
			isa = PBXNativeTarget;
			buildConfigurationList = 18851B6067F49ACEBA70084E /* Build configuration list for PBXNativeTarget "FormaWidgets" */;
			buildPhases = (
				26D09A9C09358DD90DAF59C3 /* Sources */,
				C1A6C0994AFCEECD30349E4C /* Frameworks */,
				E7D84180363837E39D034786 /* Resources */,
			);
			buildRules = (
			);
			dependencies = (
			);
			fileSystemSynchronizedGroups = (
				1EE480870898A6B223A22E79 /* FormaWidgets */,
				721684DBC3B6D1921098EDDD /* FormaShared */,
			);
			name = FormaWidgets;
			productName = FormaWidgets;
			productReference = C1DA33907F824AA520B8E3E6 /* FormaWidgets.appex */;
			productType = "com.apple.product-type.app-extension";
		};
/* End PBXNativeTarget section */

/* Begin PBXProject section */
		9BA6DAF42F8F3C8E009AA3BC /* Project object */ = {
			isa = PBXProject;
			attributes = {
				BuildIndependentTargetsInParallel = 1;
				LastSwiftUpdateCheck = 2640;
				LastUpgradeCheck = 2640;
				TargetAttributes = {
					9BA6DAFB2F8F3C8E009AA3BC = {
						CreatedOnToolsVersion = 26.4;
					};
					9BA6DB0A2F8F3C90009AA3BC = {
						CreatedOnToolsVersion = 26.4;
						TestTargetID = 9BA6DAFB2F8F3C8E009AA3BC;
					};
					9BA6DB142F8F3C90009AA3BC = {
						CreatedOnToolsVersion = 26.4;
						TestTargetID = 9BA6DAFB2F8F3C8E009AA3BC;
					};
					F154B69396161217305A3106 = {
						CreatedOnToolsVersion = 26.4;
						DevelopmentTeam = YLN8JUVVX3;
						ProvisioningStyle = Automatic;
					};
				};
			};
			buildConfigurationList = 9BA6DAF72F8F3C8E009AA3BC /* Build configuration list for PBXProject "Forma" */;
			developmentRegion = en;
			hasScannedForEncodings = 0;
			knownRegions = (
				en,
				Base,
			);
			mainGroup = 9BA6DAF32F8F3C8E009AA3BC;
			minimizedProjectReferenceProxies = 1;
			preferredProjectObjectVersion = 77;
			productRefGroup = 9BA6DAFD2F8F3C8E009AA3BC /* Products */;
			projectDirPath = "";
			projectRoot = "";
			targets = (
				9BA6DAFB2F8F3C8E009AA3BC /* Forma */,
				9BA6DB0A2F8F3C90009AA3BC /* FormaTests */,
				9BA6DB142F8F3C90009AA3BC /* FormaUITests */,
				F154B69396161217305A3106 /* FormaWidgets */,
			);
		};
/* End PBXProject section */

/* Begin PBXResourcesBuildPhase section */
		9BA6DAFA2F8F3C8E009AA3BC /* Resources */ = {
			isa = PBXResourcesBuildPhase;
			buildActionMask = 2147483647;
			files = (
			);
			runOnlyForDeploymentPostprocessing = 0;
		};
		9BA6DB092F8F3C90009AA3BC /* Resources */ = {
			isa = PBXResourcesBuildPhase;
			buildActionMask = 2147483647;
			files = (
			);
			runOnlyForDeploymentPostprocessing = 0;
		};
		9BA6DB132F8F3C90009AA3BC /* Resources */ = {
			isa = PBXResourcesBuildPhase;
			buildActionMask = 2147483647;
			files = (
			);
			runOnlyForDeploymentPostprocessing = 0;
		};
		E7D84180363837E39D034786 /* Resources */ = {
			isa = PBXResourcesBuildPhase;
			buildActionMask = 2147483647;
			files = (
			);
			runOnlyForDeploymentPostprocessing = 0;
		};
/* End PBXResourcesBuildPhase section */

/* Begin PBXSourcesBuildPhase section */
		26D09A9C09358DD90DAF59C3 /* Sources */ = {
			isa = PBXSourcesBuildPhase;
			buildActionMask = 2147483647;
			files = (
			);
			runOnlyForDeploymentPostprocessing = 0;
		};
		9BA6DAF82F8F3C8E009AA3BC /* Sources */ = {
			isa = PBXSourcesBuildPhase;
			buildActionMask = 2147483647;
			files = (
			);
			runOnlyForDeploymentPostprocessing = 0;
		};
		9BA6DB072F8F3C90009AA3BC /* Sources */ = {
			isa = PBXSourcesBuildPhase;
			buildActionMask = 2147483647;
			files = (
			);
			runOnlyForDeploymentPostprocessing = 0;
		};
		9BA6DB112F8F3C90009AA3BC /* Sources */ = {
			isa = PBXSourcesBuildPhase;
			buildActionMask = 2147483647;
			files = (
			);
			runOnlyForDeploymentPostprocessing = 0;
		};
/* End PBXSourcesBuildPhase section */

/* Begin PBXTargetDependency section */
		597966E2F1E90C04BB45797F /* PBXTargetDependency */ = {
			isa = PBXTargetDependency;
			name = FormaWidgets;
			target = F154B69396161217305A3106 /* FormaWidgets */;
			targetProxy = 272604538D17D46C28F58E71 /* PBXContainerItemProxy */;
		};
		9BA6DB0D2F8F3C90009AA3BC /* PBXTargetDependency */ = {
			isa = PBXTargetDependency;
			target = 9BA6DAFB2F8F3C8E009AA3BC /* Forma */;
			targetProxy = 9BA6DB0C2F8F3C90009AA3BC /* PBXContainerItemProxy */;
		};
		9BA6DB172F8F3C90009AA3BC /* PBXTargetDependency */ = {
			isa = PBXTargetDependency;
			target = 9BA6DAFB2F8F3C8E009AA3BC /* Forma */;
			targetProxy = 9BA6DB162F8F3C90009AA3BC /* PBXContainerItemProxy */;
		};
/* End PBXTargetDependency section */

/* Begin XCBuildConfiguration section */
		4474C8594DBE371D3042FB01 /* Debug */ = {
			isa = XCBuildConfiguration;
			buildSettings = {
				ASSETCATALOG_COMPILER_GENERATE_SWIFT_ASSET_SYMBOL_EXTENSIONS = YES;
				CLANG_CXX_LANGUAGE_STANDARD = "gnu++20";
				CODE_SIGN_ENTITLEMENTS = FormaWidgets/FormaWidgets.entitlements;
				CODE_SIGN_STYLE = Automatic;
				DEVELOPMENT_TEAM = YLN8JUVVX3;
				ENABLE_HARDENED_RUNTIME = YES;
				GCC_C_LANGUAGE_STANDARD = gnu17;
				GENERATE_INFOPLIST_FILE = NO;
				INFOPLIST_FILE = FormaWidgets/Info.plist;
				INFOPLIST_KEY_CFBundleDisplayName = "Forma Widgets";
				INFOPLIST_KEY_NSHumanReadableCopyright = "Copyright © 2026. All rights reserved.";
				LD_RUNPATH_SEARCH_PATHS = (
					"$(inherited)",
					"@executable_path/../Frameworks",
					"@executable_path/../../../../Frameworks",
				);
				MACOSX_DEPLOYMENT_TARGET = 26.3;
				PRODUCT_BUNDLE_IDENTIFIER = jashanveer.Forma.FormaWidgets;
				PRODUCT_NAME = "$(TARGET_NAME)";
				REGISTER_APP_GROUPS = YES;
				SDKROOT = macosx;
				SKIP_INSTALL = YES;
				SWIFT_EMIT_LOC_STRINGS = YES;
				SWIFT_VERSION = 5.0;
			};
			name = Debug;
		};
		9BA6DB1D2F8F3C90009AA3BC /* Debug */ = {
			isa = XCBuildConfiguration;
			buildSettings = {
				ALWAYS_SEARCH_USER_PATHS = NO;
				ASSETCATALOG_COMPILER_GENERATE_SWIFT_ASSET_SYMBOL_EXTENSIONS = YES;
				CLANG_ANALYZER_NONNULL = YES;
				CLANG_ANALYZER_NUMBER_OBJECT_CONVERSION = YES_AGGRESSIVE;
				CLANG_CXX_LANGUAGE_STANDARD = "gnu++20";
				CLANG_ENABLE_MODULES = YES;
				CLANG_ENABLE_OBJC_ARC = YES;
				CLANG_ENABLE_OBJC_WEAK = YES;
				CLANG_WARN_BLOCK_CAPTURE_AUTORELEASING = YES;
				CLANG_WARN_BOOL_CONVERSION = YES;
				CLANG_WARN_COMMA = YES;
				CLANG_WARN_CONSTANT_CONVERSION = YES;
				CLANG_WARN_DEPRECATED_OBJC_IMPLEMENTATIONS = YES;
				CLANG_WARN_DIRECT_OBJC_ISA_USAGE = YES_ERROR;
				CLANG_WARN_DOCUMENTATION_COMMENTS = YES;
				CLANG_WARN_EMPTY_BODY = YES;
				CLANG_WARN_ENUM_CONVERSION = YES;
				CLANG_WARN_INFINITE_RECURSION = YES;
				CLANG_WARN_INT_CONVERSION = YES;
				CLANG_WARN_NON_LITERAL_NULL_CONVERSION = YES;
				CLANG_WARN_OBJC_IMPLICIT_RETAIN_SELF = YES;
				CLANG_WARN_OBJC_LITERAL_CONVERSION = YES;
				CLANG_WARN_OBJC_ROOT_CLASS = YES_ERROR;
				CLANG_WARN_QUOTED_INCLUDE_IN_FRAMEWORK_HEADER = YES;
				CLANG_WARN_RANGE_LOOP_ANALYSIS = YES;
				CLANG_WARN_STRICT_PROTOTYPES = YES;
				CLANG_WARN_SUSPICIOUS_MOVE = YES;
				CLANG_WARN_UNGUARDED_AVAILABILITY = YES_AGGRESSIVE;
				CLANG_WARN_UNREACHABLE_CODE = YES;
				CLANG_WARN__DUPLICATE_METHOD_MATCH = YES;
				COPY_PHASE_STRIP = NO;
				DEBUG_INFORMATION_FORMAT = dwarf;
				DEVELOPMENT_TEAM = YLN8JUVVX3;
				ENABLE_STRICT_OBJC_MSGSEND = YES;
				ENABLE_TESTABILITY = YES;
				ENABLE_USER_SCRIPT_SANDBOXING = YES;
				GCC_C_LANGUAGE_STANDARD = gnu17;
				GCC_DYNAMIC_NO_PIC = NO;
				GCC_NO_COMMON_BLOCKS = YES;
				GCC_OPTIMIZATION_LEVEL = 0;
				GCC_PREPROCESSOR_DEFINITIONS = (
					"DEBUG=1",
					"$(inherited)",
				);
				GCC_WARN_64_TO_32_BIT_CONVERSION = YES;
				GCC_WARN_ABOUT_RETURN_TYPE = YES_ERROR;
				GCC_WARN_UNDECLARED_SELECTOR = YES;
				GCC_WARN_UNINITIALIZED_AUTOS = YES_AGGRESSIVE;
				GCC_WARN_UNUSED_FUNCTION = YES;
				GCC_WARN_UNUSED_VARIABLE = YES;
				LOCALIZATION_PREFERS_STRING_CATALOGS = YES;
				MTL_ENABLE_DEBUG_INFO = INCLUDE_SOURCE;
				MTL_FAST_MATH = YES;
				ONLY_ACTIVE_ARCH = YES;
				SWIFT_ACTIVE_COMPILATION_CONDITIONS = "DEBUG $(inherited)";
				SWIFT_OPTIMIZATION_LEVEL = "-Onone";
			};
			name = Debug;
		};
		9BA6DB1E2F8F3C90009AA3BC /* Release */ = {
			isa = XCBuildConfiguration;
			buildSettings = {
				ALWAYS_SEARCH_USER_PATHS = NO;
				ASSETCATALOG_COMPILER_GENERATE_SWIFT_ASSET_SYMBOL_EXTENSIONS = YES;
				CLANG_ANALYZER_NONNULL = YES;
				CLANG_ANALYZER_NUMBER_OBJECT_CONVERSION = YES_AGGRESSIVE;
				CLANG_CXX_LANGUAGE_STANDARD = "gnu++20";
				CLANG_ENABLE_MODULES = YES;
				CLANG_ENABLE_OBJC_ARC = YES;
				CLANG_ENABLE_OBJC_WEAK = YES;
				CLANG_WARN_BLOCK_CAPTURE_AUTORELEASING = YES;
				CLANG_WARN_BOOL_CONVERSION = YES;
				CLANG_WARN_COMMA = YES;
				CLANG_WARN_CONSTANT_CONVERSION = YES;
				CLANG_WARN_DEPRECATED_OBJC_IMPLEMENTATIONS = YES;
				CLANG_WARN_DIRECT_OBJC_ISA_USAGE = YES_ERROR;
				CLANG_WARN_DOCUMENTATION_COMMENTS = YES;
				CLANG_WARN_EMPTY_BODY = YES;
				CLANG_WARN_ENUM_CONVERSION = YES;
				CLANG_WARN_INFINITE_RECURSION = YES;
				CLANG_WARN_INT_CONVERSION = YES;
				CLANG_WARN_NON_LITERAL_NULL_CONVERSION = YES;
				CLANG_WARN_OBJC_IMPLICIT_RETAIN_SELF = YES;
				CLANG_WARN_OBJC_LITERAL_CONVERSION = YES;
				CLANG_WARN_OBJC_ROOT_CLASS = YES_ERROR;
				CLANG_WARN_QUOTED_INCLUDE_IN_FRAMEWORK_HEADER = YES;
				CLANG_WARN_RANGE_LOOP_ANALYSIS = YES;
				CLANG_WARN_STRICT_PROTOTYPES = YES;
				CLANG_WARN_SUSPICIOUS_MOVE = YES;
				CLANG_WARN_UNGUARDED_AVAILABILITY = YES_AGGRESSIVE;
				CLANG_WARN_UNREACHABLE_CODE = YES;
				CLANG_WARN__DUPLICATE_METHOD_MATCH = YES;
				COPY_PHASE_STRIP = NO;
				DEBUG_INFORMATION_FORMAT = "dwarf-with-dsym";
				DEVELOPMENT_TEAM = YLN8JUVVX3;
				ENABLE_NS_ASSERTIONS = NO;
				ENABLE_STRICT_OBJC_MSGSEND = YES;
				ENABLE_USER_SCRIPT_SANDBOXING = YES;
				GCC_C_LANGUAGE_STANDARD = gnu17;
				GCC_NO_COMMON_BLOCKS = YES;
				GCC_WARN_64_TO_32_BIT_CONVERSION = YES;
				GCC_WARN_ABOUT_RETURN_TYPE = YES_ERROR;
				GCC_WARN_UNDECLARED_SELECTOR = YES;
				GCC_WARN_UNINITIALIZED_AUTOS = YES_AGGRESSIVE;
				GCC_WARN_UNUSED_FUNCTION = YES;
				GCC_WARN_UNUSED_VARIABLE = YES;
				LOCALIZATION_PREFERS_STRING_CATALOGS = YES;
				MTL_ENABLE_DEBUG_INFO = NO;
				MTL_FAST_MATH = YES;
				SWIFT_COMPILATION_MODE = wholemodule;
			};
			name = Release;
		};
		9BA6DB202F8F3C90009AA3BC /* Debug */ = {
			isa = XCBuildConfiguration;
			buildSettings = {
				ASSETCATALOG_COMPILER_APPICON_NAME = AppIcon;
				ASSETCATALOG_COMPILER_GLOBAL_ACCENT_COLOR_NAME = AccentColor;
				"CODE_SIGN_ENTITLEMENTS[sdk=macosx*]" = Forma/Forma.entitlements;
				CODE_SIGN_STYLE = Automatic;
				CURRENT_PROJECT_VERSION = 1;
				DEVELOPMENT_TEAM = YLN8JUVVX3;
				ENABLE_APP_SANDBOX = YES;
				ENABLE_HARDENED_RUNTIME = YES;
				ENABLE_PREVIEWS = YES;
				ENABLE_USER_SELECTED_FILES = readonly;
				GENERATE_INFOPLIST_FILE = YES;
				INFOPLIST_KEY_BackendBaseURL = "http://127.0.0.1:8080";
				INFOPLIST_KEY_CFBundleDisplayName = Forma;
				INFOPLIST_KEY_NSAppTransportSecurity_NSAllowsLocalNetworking = YES;
				"INFOPLIST_KEY_UIApplicationSceneManifest_Generation[sdk=iphoneos*]" = YES;
				"INFOPLIST_KEY_UIApplicationSceneManifest_Generation[sdk=iphonesimulator*]" = YES;
				"INFOPLIST_KEY_UIApplicationSupportsIndirectInputEvents[sdk=iphoneos*]" = YES;
				"INFOPLIST_KEY_UIApplicationSupportsIndirectInputEvents[sdk=iphonesimulator*]" = YES;
				"INFOPLIST_KEY_UILaunchScreen_Generation[sdk=iphoneos*]" = YES;
				"INFOPLIST_KEY_UILaunchScreen_Generation[sdk=iphonesimulator*]" = YES;
				"INFOPLIST_KEY_UIStatusBarStyle[sdk=iphoneos*]" = UIStatusBarStyleDefault;
				"INFOPLIST_KEY_UIStatusBarStyle[sdk=iphonesimulator*]" = UIStatusBarStyleDefault;
				INFOPLIST_KEY_UISupportedInterfaceOrientations_iPad = "UIInterfaceOrientationPortrait UIInterfaceOrientationPortraitUpsideDown UIInterfaceOrientationLandscapeLeft UIInterfaceOrientationLandscapeRight";
				INFOPLIST_KEY_UISupportedInterfaceOrientations_iPhone = "UIInterfaceOrientationPortrait UIInterfaceOrientationLandscapeLeft UIInterfaceOrientationLandscapeRight";
				IPHONEOS_DEPLOYMENT_TARGET = 26.4;
				LD_RUNPATH_SEARCH_PATHS = "@executable_path/Frameworks";
				"LD_RUNPATH_SEARCH_PATHS[sdk=macosx*]" = "@executable_path/../Frameworks";
				MACOSX_DEPLOYMENT_TARGET = 26.3;
				MARKETING_VERSION = 1.0;
				PRODUCT_BUNDLE_IDENTIFIER = jashanveer.Forma;
				PRODUCT_NAME = "$(TARGET_NAME)";
				REGISTER_APP_GROUPS = YES;
				SDKROOT = auto;
				STRING_CATALOG_GENERATE_SYMBOLS = YES;
				SUPPORTED_PLATFORMS = "iphoneos iphonesimulator macosx xros xrsimulator";
				SWIFT_APPROACHABLE_CONCURRENCY = YES;
				SWIFT_DEFAULT_ACTOR_ISOLATION = MainActor;
				SWIFT_EMIT_LOC_STRINGS = YES;
				SWIFT_UPCOMING_FEATURE_MEMBER_IMPORT_VISIBILITY = YES;
				SWIFT_VERSION = 5.0;
				TARGETED_DEVICE_FAMILY = "1,2,7";
				XROS_DEPLOYMENT_TARGET = 26.4;
			};
			name = Debug;
		};
		9BA6DB212F8F3C90009AA3BC /* Release */ = {
			isa = XCBuildConfiguration;
			buildSettings = {
				ASSETCATALOG_COMPILER_APPICON_NAME = AppIcon;
				ASSETCATALOG_COMPILER_GLOBAL_ACCENT_COLOR_NAME = AccentColor;
				"CODE_SIGN_ENTITLEMENTS[sdk=macosx*]" = Forma/Forma.entitlements;
				CODE_SIGN_STYLE = Automatic;
				CURRENT_PROJECT_VERSION = 1;
				DEVELOPMENT_TEAM = YLN8JUVVX3;
				ENABLE_APP_SANDBOX = YES;
				ENABLE_HARDENED_RUNTIME = YES;
				ENABLE_PREVIEWS = YES;
				ENABLE_USER_SELECTED_FILES = readonly;
				GENERATE_INFOPLIST_FILE = YES;
				INFOPLIST_KEY_BackendBaseURL = "http://127.0.0.1:8080";
				INFOPLIST_KEY_CFBundleDisplayName = Forma;
				INFOPLIST_KEY_NSAppTransportSecurity_NSAllowsLocalNetworking = YES;
				"INFOPLIST_KEY_UIApplicationSceneManifest_Generation[sdk=iphoneos*]" = YES;
				"INFOPLIST_KEY_UIApplicationSceneManifest_Generation[sdk=iphonesimulator*]" = YES;
				"INFOPLIST_KEY_UIApplicationSupportsIndirectInputEvents[sdk=iphoneos*]" = YES;
				"INFOPLIST_KEY_UIApplicationSupportsIndirectInputEvents[sdk=iphonesimulator*]" = YES;
				"INFOPLIST_KEY_UILaunchScreen_Generation[sdk=iphoneos*]" = YES;
				"INFOPLIST_KEY_UILaunchScreen_Generation[sdk=iphonesimulator*]" = YES;
				"INFOPLIST_KEY_UIStatusBarStyle[sdk=iphoneos*]" = UIStatusBarStyleDefault;
				"INFOPLIST_KEY_UIStatusBarStyle[sdk=iphonesimulator*]" = UIStatusBarStyleDefault;
				INFOPLIST_KEY_UISupportedInterfaceOrientations_iPad = "UIInterfaceOrientationPortrait UIInterfaceOrientationPortraitUpsideDown UIInterfaceOrientationLandscapeLeft UIInterfaceOrientationLandscapeRight";
				INFOPLIST_KEY_UISupportedInterfaceOrientations_iPhone = "UIInterfaceOrientationPortrait UIInterfaceOrientationLandscapeLeft UIInterfaceOrientationLandscapeRight";
				IPHONEOS_DEPLOYMENT_TARGET = 26.4;
				LD_RUNPATH_SEARCH_PATHS = "@executable_path/Frameworks";
				"LD_RUNPATH_SEARCH_PATHS[sdk=macosx*]" = "@executable_path/../Frameworks";
				MACOSX_DEPLOYMENT_TARGET = 26.3;
				MARKETING_VERSION = 1.0;
				PRODUCT_BUNDLE_IDENTIFIER = jashanveer.Forma;
				PRODUCT_NAME = "$(TARGET_NAME)";
				REGISTER_APP_GROUPS = YES;
				SDKROOT = auto;
				STRING_CATALOG_GENERATE_SYMBOLS = YES;
				SUPPORTED_PLATFORMS = "iphoneos iphonesimulator macosx xros xrsimulator";
				SWIFT_APPROACHABLE_CONCURRENCY = YES;
				SWIFT_DEFAULT_ACTOR_ISOLATION = MainActor;
				SWIFT_EMIT_LOC_STRINGS = YES;
				SWIFT_UPCOMING_FEATURE_MEMBER_IMPORT_VISIBILITY = YES;
				SWIFT_VERSION = 5.0;
				TARGETED_DEVICE_FAMILY = "1,2,7";
				XROS_DEPLOYMENT_TARGET = 26.4;
			};
			name = Release;
		};
		9BA6DB232F8F3C90009AA3BC /* Debug */ = {
			isa = XCBuildConfiguration;
			buildSettings = {
				BUNDLE_LOADER = "$(TEST_HOST)";
				CODE_SIGN_STYLE = Automatic;
				CURRENT_PROJECT_VERSION = 1;
				DEVELOPMENT_TEAM = YLN8JUVVX3;
				GENERATE_INFOPLIST_FILE = YES;
				IPHONEOS_DEPLOYMENT_TARGET = 26.4;
				MACOSX_DEPLOYMENT_TARGET = 26.3;
				MARKETING_VERSION = 1.0;
				PRODUCT_BUNDLE_IDENTIFIER = jashanveer.FormaTests;
				PRODUCT_NAME = "$(TARGET_NAME)";
				SDKROOT = auto;
				STRING_CATALOG_GENERATE_SYMBOLS = NO;
				SUPPORTED_PLATFORMS = "iphoneos iphonesimulator macosx xros xrsimulator";
				SWIFT_APPROACHABLE_CONCURRENCY = YES;
				SWIFT_EMIT_LOC_STRINGS = NO;
				SWIFT_UPCOMING_FEATURE_MEMBER_IMPORT_VISIBILITY = YES;
				SWIFT_VERSION = 5.0;
				TARGETED_DEVICE_FAMILY = "1,2,7";
				TEST_HOST = "$(BUILT_PRODUCTS_DIR)/Forma.app/$(BUNDLE_EXECUTABLE_FOLDER_PATH)/Forma";
				XROS_DEPLOYMENT_TARGET = 26.4;
			};
			name = Debug;
		};
		9BA6DB242F8F3C90009AA3BC /* Release */ = {
			isa = XCBuildConfiguration;
			buildSettings = {
				BUNDLE_LOADER = "$(TEST_HOST)";
				CODE_SIGN_STYLE = Automatic;
				CURRENT_PROJECT_VERSION = 1;
				DEVELOPMENT_TEAM = YLN8JUVVX3;
				GENERATE_INFOPLIST_FILE = YES;
				IPHONEOS_DEPLOYMENT_TARGET = 26.4;
				MACOSX_DEPLOYMENT_TARGET = 26.3;
				MARKETING_VERSION = 1.0;
				PRODUCT_BUNDLE_IDENTIFIER = jashanveer.FormaTests;
				PRODUCT_NAME = "$(TARGET_NAME)";
				SDKROOT = auto;
				STRING_CATALOG_GENERATE_SYMBOLS = NO;
				SUPPORTED_PLATFORMS = "iphoneos iphonesimulator macosx xros xrsimulator";
				SWIFT_APPROACHABLE_CONCURRENCY = YES;
				SWIFT_EMIT_LOC_STRINGS = NO;
				SWIFT_UPCOMING_FEATURE_MEMBER_IMPORT_VISIBILITY = YES;
				SWIFT_VERSION = 5.0;
				TARGETED_DEVICE_FAMILY = "1,2,7";
				TEST_HOST = "$(BUILT_PRODUCTS_DIR)/Forma.app/$(BUNDLE_EXECUTABLE_FOLDER_PATH)/Forma";
				XROS_DEPLOYMENT_TARGET = 26.4;
			};
			name = Release;
		};
		9BA6DB262F8F3C90009AA3BC /* Debug */ = {
			isa = XCBuildConfiguration;
			buildSettings = {
				CODE_SIGN_STYLE = Automatic;
				CURRENT_PROJECT_VERSION = 1;
				DEVELOPMENT_TEAM = YLN8JUVVX3;
				GENERATE_INFOPLIST_FILE = YES;
				IPHONEOS_DEPLOYMENT_TARGET = 26.4;
				MACOSX_DEPLOYMENT_TARGET = 26.3;
				MARKETING_VERSION = 1.0;
				PRODUCT_BUNDLE_IDENTIFIER = jashanveer.FormaUITests;
				PRODUCT_NAME = "$(TARGET_NAME)";
				SDKROOT = auto;
				STRING_CATALOG_GENERATE_SYMBOLS = NO;
				SUPPORTED_PLATFORMS = "iphoneos iphonesimulator macosx xros xrsimulator";
				SWIFT_APPROACHABLE_CONCURRENCY = YES;
				SWIFT_EMIT_LOC_STRINGS = NO;
				SWIFT_UPCOMING_FEATURE_MEMBER_IMPORT_VISIBILITY = YES;
				SWIFT_VERSION = 5.0;
				TARGETED_DEVICE_FAMILY = "1,2,7";
				TEST_TARGET_NAME = Forma;
				XROS_DEPLOYMENT_TARGET = 26.4;
			};
			name = Debug;
		};
		9BA6DB272F8F3C90009AA3BC /* Release */ = {
			isa = XCBuildConfiguration;
			buildSettings = {
				CODE_SIGN_STYLE = Automatic;
				CURRENT_PROJECT_VERSION = 1;
				DEVELOPMENT_TEAM = YLN8JUVVX3;
				GENERATE_INFOPLIST_FILE = YES;
				IPHONEOS_DEPLOYMENT_TARGET = 26.4;
				MACOSX_DEPLOYMENT_TARGET = 26.3;
				MARKETING_VERSION = 1.0;
				PRODUCT_BUNDLE_IDENTIFIER = jashanveer.FormaUITests;
				PRODUCT_NAME = "$(TARGET_NAME)";
				SDKROOT = auto;
				STRING_CATALOG_GENERATE_SYMBOLS = NO;
				SUPPORTED_PLATFORMS = "iphoneos iphonesimulator macosx xros xrsimulator";
				SWIFT_APPROACHABLE_CONCURRENCY = YES;
				SWIFT_EMIT_LOC_STRINGS = NO;
				SWIFT_UPCOMING_FEATURE_MEMBER_IMPORT_VISIBILITY = YES;
				SWIFT_VERSION = 5.0;
				TARGETED_DEVICE_FAMILY = "1,2,7";
				TEST_TARGET_NAME = Forma;
				XROS_DEPLOYMENT_TARGET = 26.4;
			};
			name = Release;
		};
		DE280EAEA2CA13928DBC3B4D /* Release */ = {
			isa = XCBuildConfiguration;
			buildSettings = {
				ASSETCATALOG_COMPILER_GENERATE_SWIFT_ASSET_SYMBOL_EXTENSIONS = YES;
				CLANG_CXX_LANGUAGE_STANDARD = "gnu++20";
				CODE_SIGN_ENTITLEMENTS = FormaWidgets/FormaWidgets.entitlements;
				CODE_SIGN_STYLE = Automatic;
				DEVELOPMENT_TEAM = YLN8JUVVX3;
				ENABLE_HARDENED_RUNTIME = YES;
				GCC_C_LANGUAGE_STANDARD = gnu17;
				GENERATE_INFOPLIST_FILE = NO;
				INFOPLIST_FILE = FormaWidgets/Info.plist;
				INFOPLIST_KEY_CFBundleDisplayName = "Forma Widgets";
				INFOPLIST_KEY_NSHumanReadableCopyright = "Copyright © 2026. All rights reserved.";
				LD_RUNPATH_SEARCH_PATHS = (
					"$(inherited)",
					"@executable_path/../Frameworks",
					"@executable_path/../../../../Frameworks",
				);
				MACOSX_DEPLOYMENT_TARGET = 26.3;
				PRODUCT_BUNDLE_IDENTIFIER = jashanveer.Forma.FormaWidgets;
				PRODUCT_NAME = "$(TARGET_NAME)";
				REGISTER_APP_GROUPS = YES;
				SDKROOT = macosx;
				SKIP_INSTALL = YES;
				SWIFT_EMIT_LOC_STRINGS = YES;
				SWIFT_VERSION = 5.0;
			};
			name = Release;
		};
/* End XCBuildConfiguration section */

/* Begin XCConfigurationList section */
		18851B6067F49ACEBA70084E /* Build configuration list for PBXNativeTarget "FormaWidgets" */ = {
			isa = XCConfigurationList;
			buildConfigurations = (
				DE280EAEA2CA13928DBC3B4D /* Release */,
				4474C8594DBE371D3042FB01 /* Debug */,
			);
			defaultConfigurationIsVisible = 0;
			defaultConfigurationName = Release;
		};
		9BA6DAF72F8F3C8E009AA3BC /* Build configuration list for PBXProject "Forma" */ = {
			isa = XCConfigurationList;
			buildConfigurations = (
				9BA6DB1D2F8F3C90009AA3BC /* Debug */,
				9BA6DB1E2F8F3C90009AA3BC /* Release */,
			);
			defaultConfigurationIsVisible = 0;
			defaultConfigurationName = Release;
		};
		9BA6DB1F2F8F3C90009AA3BC /* Build configuration list for PBXNativeTarget "Forma" */ = {
			isa = XCConfigurationList;
			buildConfigurations = (
				9BA6DB202F8F3C90009AA3BC /* Debug */,
				9BA6DB212F8F3C90009AA3BC /* Release */,
			);
			defaultConfigurationIsVisible = 0;
			defaultConfigurationName = Release;
		};
		9BA6DB222F8F3C90009AA3BC /* Build configuration list for PBXNativeTarget "FormaTests" */ = {
			isa = XCConfigurationList;
			buildConfigurations = (
				9BA6DB232F8F3C90009AA3BC /* Debug */,
				9BA6DB242F8F3C90009AA3BC /* Release */,
			);
			defaultConfigurationIsVisible = 0;
			defaultConfigurationName = Release;
		};
		9BA6DB252F8F3C90009AA3BC /* Build configuration list for PBXNativeTarget "FormaUITests" */ = {
			isa = XCConfigurationList;
			buildConfigurations = (
				9BA6DB262F8F3C90009AA3BC /* Debug */,
				9BA6DB272F8F3C90009AA3BC /* Release */,
			);
			defaultConfigurationIsVisible = 0;
			defaultConfigurationName = Release;
		};
/* End XCConfigurationList section */
	};
	rootObject = 9BA6DAF42F8F3C8E009AA3BC /* Project object */;
}
